
Microsoft Visual Studio Solution File, Format Version 12.00
# Visual Studio 15
VisualStudioVersion = 15.0.28010.2016
MinimumVisualStudioVersion = 10.0.40219.1
Project("{FAE04EC0-301F-11D3-BF4B-00C04F79EFBC}") = "Day23", "Day23.csproj", "{B12D29D8-5207-48F3-92EA-68EA67D919B7}"
EndProject
Global
	GlobalSection(SolutionConfigurationPlatforms) = preSolution
		Debug|Any CPU = Debug|Any CPU
		Release|Any CPU = Release|Any CPU
	EndGlobalSection
	GlobalSection(ProjectConfigurationPlatforms) = postSolution
		{B12D29D8-5207-48F3-92EA-68EA67D919B7}.Debug|Any CPU.ActiveCfg = Debug|Any CPU
		{B12D29D8-5207-48F3-92EA-68EA67D919B7}.Debug|Any CPU.Build.0 = Debug|Any CPU
		{B12D29D8-5207-48F3-92EA-68EA67D919B7}.Release|Any CPU.ActiveCfg = Release|Any CPU
		{B12D29D8-5207-48F3-92EA-68EA67D919B7}.Release|Any CPU.Build.0 = Release|Any CPU
	EndGlobalSection
	GlobalSection(SolutionProperties) = preSolution
		HideSolutionNode = FALSE
	EndGlobalSection
	GlobalSection(ExtensibilityGlobals) = postSolution
		SolutionGuid = {1DD7323E-8D75-4F86-B8D9-AC2CBFCF14D2}
	EndGlobalSection
EndGlobal
